
Microsoft Visual Studio Solution File, Format Version 12.00
# Visual Studio Version 16
VisualStudioVersion = 16.0.30309.148
MinimumVisualStudioVersion = 10.0.40219.1
Project("{9A19103F-16F7-4668-BE54-9A1E7A4F7556}") = "ESFA.DC.Web.Operations", "ESFA.DC.Web.Operations\ESFA.DC.Web.Operations.csproj", "{ABF9B093-F35E-4E52-B456-E8F1BF332BCC}"
EndProject
Project("{9A19103F-16F7-4668-BE54-9A1E7A4F7556}") = "ESFA.DC.Web.Operations.Settings", "ESFA.DC.Web.Operations.Settings\ESFA.DC.Web.Operations.Settings.csproj", "{2D2C6306-517F-420B-9470-C6A8763CAE9E}"
EndProject
Project("{9A19103F-16F7-4668-BE54-9A1E7A4F7556}") = "ESFA.DC.Web.Operations.Services", "ESFA.DC.Web.Operations.Services\ESFA.DC.Web.Operations.Services.csproj", "{F20133D9-0F2D-458F-9C35-C3E077264CF1}"
EndProject
Project("{9A19103F-16F7-4668-BE54-9A1E7A4F7556}") = "ESFA.DC.Web.Operations.Interfaces", "ESFA.DC.Web.Operations.Interfaces\ESFA.DC.Web.Operations.Interfaces.csproj", "{8BFC6849-1F44-4197-9064-1914E04D36AB}"
EndProject
Project("{9A19103F-16F7-4668-BE54-9A1E7A4F7556}") = "ESFA.DC.Web.Operations.Models", "ESFA.DC.Web.Operations.Models\ESFA.DC.Web.Operations.Models.csproj", "{A276A229-E30E-414B-9371-09E58C0B3C52}"
EndProject
Project("{9A19103F-16F7-4668-BE54-9A1E7A4F7556}") = "ESFA.DC.Web.Operations.ViewModels", "ESFA.DC.Web.Operations.ViewModels\ESFA.DC.Web.Operations.ViewModels.csproj", "{834CF455-07A0-418D-B5AC-8CADED29BADB}"
EndProject
Project("{9A19103F-16F7-4668-BE54-9A1E7A4F7556}") = "ESFA.DC.Web.Operations.Utils", "ESFA.DC.Web.Operations.Utils\ESFA.DC.Web.Operations.Utils.csproj", "{66512F97-9261-45C9-9827-EF0751C101B4}"
EndProject
Project("{9A19103F-16F7-4668-BE54-9A1E7A4F7556}") = "ESFA.DC.Web.Operations.Topics.Data", "ESFA.DC.Web.Operations.Topics.Data\ESFA.DC.Web.Operations.Topics.Data.csproj", "{D5AA8C25-19CB-4D33-954D-F60058D02058}"
EndProject
Project("{2150E333-8FDC-42A3-9474-1A3956D46DE8}") = "Tests", "Tests", "{B7067B80-C763-4FA6-8945-AE1F12376399}"
EndProject
Project("{9A19103F-16F7-4668-BE54-9A1E7A4F7556}") = "ESFA.DC.Web.Operations.Tests", "ESFA.DC.Web.Operations.Tests\ESFA.DC.Web.Operations.Tests.csproj", "{240A9261-3F04-44FA-997B-FD5737A2D4D6}"
EndProject
Project("{2150E333-8FDC-42A3-9474-1A3956D46DE8}") = "Solution Items", "Solution Items", "{CBCF63B3-5BAC-4AEF-9428-369B3B543820}"
	ProjectSection(SolutionItems) = preProject
		azure-pipelines.yml = azure-pipelines.yml
		ESFA.DC.Web.Operations.ruleset = ESFA.DC.Web.Operations.ruleset
	EndProjectSection
EndProject
Project("{00D1A9C2-B5F0-4AF3-8072-F6C62B433612}") = "ESFA.DC.Web.Operations.AuditDatabase", "AuditDatabase\ESFA.DC.Web.Operations.AuditDatabase.sqlproj", "{DBA1392B-AB8A-4E82-9432-F555B695B44E}"
EndProject
Project("{9A19103F-16F7-4668-BE54-9A1E7A4F7556}") = "ESFA.DC.Web.Operations.Security", "ESFA.DC.Web.Operations.Security\ESFA.DC.Web.Operations.Security.csproj", "{8DF4D162-DD76-4CB7-AB51-C2FEFDD0ABE8}"
EndProject
Project("{9A19103F-16F7-4668-BE54-9A1E7A4F7556}") = "ESFA.DC.Web.Operations.Services.Tests", "ESFA.DC.Web.Operations.Services.Tests\ESFA.DC.Web.Operations.Services.Tests.csproj", "{642D03AA-7068-4699-9AC9-FDD5A0301289}"
EndProject
Global
	GlobalSection(SolutionConfigurationPlatforms) = preSolution
		Debug|Any CPU = Debug|Any CPU
		Release|Any CPU = Release|Any CPU
	EndGlobalSection
	GlobalSection(ProjectConfigurationPlatforms) = postSolution
		{ABF9B093-F35E-4E52-B456-E8F1BF332BCC}.Debug|Any CPU.ActiveCfg = Debug|Any CPU
		{ABF9B093-F35E-4E52-B456-E8F1BF332BCC}.Debug|Any CPU.Build.0 = Debug|Any CPU
		{ABF9B093-F35E-4E52-B456-E8F1BF332BCC}.Release|Any CPU.ActiveCfg = Release|Any CPU
		{ABF9B093-F35E-4E52-B456-E8F1BF332BCC}.Release|Any CPU.Build.0 = Release|Any CPU
		{2D2C6306-517F-420B-9470-C6A8763CAE9E}.Debug|Any CPU.ActiveCfg = Debug|Any CPU
		{2D2C6306-517F-420B-9470-C6A8763CAE9E}.Debug|Any CPU.Build.0 = Debug|Any CPU
		{2D2C6306-517F-420B-9470-C6A8763CAE9E}.Release|Any CPU.ActiveCfg = Release|Any CPU
		{2D2C6306-517F-420B-9470-C6A8763CAE9E}.Release|Any CPU.Build.0 = Release|Any CPU
		{F20133D9-0F2D-458F-9C35-C3E077264CF1}.Debug|Any CPU.ActiveCfg = Debug|Any CPU
		{F20133D9-0F2D-458F-9C35-C3E077264CF1}.Debug|Any CPU.Build.0 = Debug|Any CPU
		{F20133D9-0F2D-458F-9C35-C3E077264CF1}.Release|Any CPU.ActiveCfg = Release|Any CPU
		{F20133D9-0F2D-458F-9C35-C3E077264CF1}.Release|Any CPU.Build.0 = Release|Any CPU
		{8BFC6849-1F44-4197-9064-1914E04D36AB}.Debug|Any CPU.ActiveCfg = Debug|Any CPU
		{8BFC6849-1F44-4197-9064-1914E04D36AB}.Debug|Any CPU.Build.0 = Debug|Any CPU
		{8BFC6849-1F44-4197-9064-1914E04D36AB}.Release|Any CPU.ActiveCfg = Release|Any CPU
		{8BFC6849-1F44-4197-9064-1914E04D36AB}.Release|Any CPU.Build.0 = Release|Any CPU
		{A276A229-E30E-414B-9371-09E58C0B3C52}.Debug|Any CPU.ActiveCfg = Debug|Any CPU
		{A276A229-E30E-414B-9371-09E58C0B3C52}.Debug|Any CPU.Build.0 = Debug|Any CPU
		{A276A229-E30E-414B-9371-09E58C0B3C52}.Release|Any CPU.ActiveCfg = Release|Any CPU
		{A276A229-E30E-414B-9371-09E58C0B3C52}.Release|Any CPU.Build.0 = Release|Any CPU
		{834CF455-07A0-418D-B5AC-8CADED29BADB}.Debug|Any CPU.ActiveCfg = Debug|Any CPU
		{834CF455-07A0-418D-B5AC-8CADED29BADB}.Debug|Any CPU.Build.0 = Debug|Any CPU
		{834CF455-07A0-418D-B5AC-8CADED29BADB}.Release|Any CPU.ActiveCfg = Release|Any CPU
		{834CF455-07A0-418D-B5AC-8CADED29BADB}.Release|Any CPU.Build.0 = Release|Any CPU
		{66512F97-9261-45C9-9827-EF0751C101B4}.Debug|Any CPU.ActiveCfg = Debug|Any CPU
		{66512F97-9261-45C9-9827-EF0751C101B4}.Debug|Any CPU.Build.0 = Debug|Any CPU
		{66512F97-9261-45C9-9827-EF0751C101B4}.Release|Any CPU.ActiveCfg = Release|Any CPU
		{66512F97-9261-45C9-9827-EF0751C101B4}.Release|Any CPU.Build.0 = Release|Any CPU
		{D5AA8C25-19CB-4D33-954D-F60058D02058}.Debug|Any CPU.ActiveCfg = Debug|Any CPU
		{D5AA8C25-19CB-4D33-954D-F60058D02058}.Debug|Any CPU.Build.0 = Debug|Any CPU
		{D5AA8C25-19CB-4D33-954D-F60058D02058}.Release|Any CPU.ActiveCfg = Release|Any CPU
		{D5AA8C25-19CB-4D33-954D-F60058D02058}.Release|Any CPU.Build.0 = Release|Any CPU
		{240A9261-3F04-44FA-997B-FD5737A2D4D6}.Debug|Any CPU.ActiveCfg = Debug|Any CPU
		{240A9261-3F04-44FA-997B-FD5737A2D4D6}.Debug|Any CPU.Build.0 = Debug|Any CPU
		{240A9261-3F04-44FA-997B-FD5737A2D4D6}.Release|Any CPU.ActiveCfg = Release|Any CPU
		{240A9261-3F04-44FA-997B-FD5737A2D4D6}.Release|Any CPU.Build.0 = Release|Any CPU
		{DBA1392B-AB8A-4E82-9432-F555B695B44E}.Debug|Any CPU.ActiveCfg = Debug|Any CPU
		{DBA1392B-AB8A-4E82-9432-F555B695B44E}.Debug|Any CPU.Build.0 = Debug|Any CPU
		{DBA1392B-AB8A-4E82-9432-F555B695B44E}.Debug|Any CPU.Deploy.0 = Debug|Any CPU
		{DBA1392B-AB8A-4E82-9432-F555B695B44E}.Release|Any CPU.ActiveCfg = Release|Any CPU
		{DBA1392B-AB8A-4E82-9432-F555B695B44E}.Release|Any CPU.Build.0 = Release|Any CPU
		{DBA1392B-AB8A-4E82-9432-F555B695B44E}.Release|Any CPU.Deploy.0 = Release|Any CPU
		{8DF4D162-DD76-4CB7-AB51-C2FEFDD0ABE8}.Debug|Any CPU.ActiveCfg = Debug|Any CPU
		{8DF4D162-DD76-4CB7-AB51-C2FEFDD0ABE8}.Debug|Any CPU.Build.0 = Debug|Any CPU
		{8DF4D162-DD76-4CB7-AB51-C2FEFDD0ABE8}.Release|Any CPU.ActiveCfg = Release|Any CPU
		{8DF4D162-DD76-4CB7-AB51-C2FEFDD0ABE8}.Release|Any CPU.Build.0 = Release|Any CPU
		{642D03AA-7068-4699-9AC9-FDD5A0301289}.Debug|Any CPU.ActiveCfg = Debug|Any CPU
		{642D03AA-7068-4699-9AC9-FDD5A0301289}.Debug|Any CPU.Build.0 = Debug|Any CPU
		{642D03AA-7068-4699-9AC9-FDD5A0301289}.Release|Any CPU.ActiveCfg = Release|Any CPU
		{642D03AA-7068-4699-9AC9-FDD5A0301289}.Release|Any CPU.Build.0 = Release|Any CPU
	EndGlobalSection
	GlobalSection(SolutionProperties) = preSolution
		HideSolutionNode = FALSE
	EndGlobalSection
	GlobalSection(NestedProjects) = preSolution
		{240A9261-3F04-44FA-997B-FD5737A2D4D6} = {B7067B80-C763-4FA6-8945-AE1F12376399}
		{642D03AA-7068-4699-9AC9-FDD5A0301289} = {B7067B80-C763-4FA6-8945-AE1F12376399}
	EndGlobalSection
	GlobalSection(ExtensibilityGlobals) = postSolution
		SolutionGuid = {19524A2F-6C11-4B56-BBB5-E1C36154074B}
	EndGlobalSection
EndGlobal
